<?xml version="1.0" encoding="UTF-8" standalone="yes" ?>
<CodeBlocks_project_file>
	<FileVersion major="1" minor="6" />
	<Project>
		<Option title="qdb" />
		<Option pch_mode="2" />
		<Option compiler="mingw_64_7_3_0" />
		<Build>
			<Target title="compact-dataset">
				<Option output="compact-dataset" prefix_auto="1" extension_auto="1" />
				<Option object_output="obj/Release/" />
				<Option type="1" />
				<Option compiler="mingw_64_7_3_0" />
				<Compiler>
					<Add option="-std=c++14" />
					<Add option="-pg" />
					<Add option="-Og" />
					<Add option="-g" />
					<Add option="-DSQLITE_THREADSAFE=1" />
					<Add directory="../../lib/sqlite_orm/include" />
					<Add directory="../../lib/sqlite-amalgamation-3340100" />
					<Add directory="../../lib/ztime-cpp/src" />
					<Add directory="../../include" />
				</Compiler>
				<Linker>
					<Add option="-pg -lgmon" />
					<Add option="-static-libstdc++" />
					<Add option="-static-libgcc" />
					<Add option="-static" />
					<Add directory="../../lib/sqlite_orm/include" />
					<Add directory="../../lib/sqlite-amalgamation-3340100" />
					<Add directory="../../lib/ztime-cpp/src" />
					<Add directory="../../include" />
				</Linker>
			</Target>
			<Target title="price-buffer">
				<Option output="price-buffer" prefix_auto="1" extension_auto="1" />
				<Option object_output="obj/Release/" />
				<Option type="1" />
				<Option compiler="mingw_64_7_3_0" />
				<Compiler>
					<Add option="-std=c++14" />
					<Add option="-pg" />
					<Add option="-Og" />
					<Add option="-g" />
					<Add option="-DSQLITE_THREADSAFE=1" />
					<Add directory="../../lib/sqlite_orm/include" />
					<Add directory="../../lib/sqlite-amalgamation-3340100" />
					<Add directory="../../lib/ztime-cpp/src" />
					<Add directory="../../lib/zstd/lib" />
					<Add directory="../../include" />
					<Add directory="../../lib" />
				</Compiler>
				<Linker>
					<Add option="-pg -lgmon" />
					<Add option="-static-libstdc++" />
					<Add option="-static-libgcc" />
					<Add option="-static" />
					<Add library="zstd" />
					<Add directory="../../lib/sqlite_orm/include" />
					<Add directory="../../lib/sqlite-amalgamation-3340100" />
					<Add directory="../../lib/ztime-cpp/src" />
					<Add directory="../../lib/zstd/lib" />
					<Add directory="../../include" />
					<Add directory="../../lib" />
				</Linker>
			</Target>
			<Target title="csv-data-preparation">
				<Option output="csv-data-preparation" prefix_auto="1" extension_auto="1" />
				<Option object_output="obj/Release/" />
				<Option type="1" />
				<Option compiler="mingw_64_7_3_0" />
				<Compiler>
					<Add option="-std=c++14" />
					<Add option="-pg" />
					<Add option="-Og" />
					<Add option="-g" />
					<Add option="-DSQLITE_THREADSAFE=1" />
					<Add directory="../../lib/sqlite_orm/include" />
					<Add directory="../../lib/sqlite-amalgamation-3340100" />
					<Add directory="../../lib/ztime-cpp/src" />
					<Add directory="../../lib/zstd/lib" />
					<Add directory="../../include" />
					<Add directory="../../lib" />
				</Compiler>
				<Linker>
					<Add option="-pg -lgmon" />
					<Add option="-static-libstdc++" />
					<Add option="-static-libgcc" />
					<Add option="-static" />
					<Add library="zstd" />
					<Add directory="../../lib/sqlite_orm/include" />
					<Add directory="../../lib/sqlite-amalgamation-3340100" />
					<Add directory="../../lib/ztime-cpp/src" />
					<Add directory="../../lib/zstd/lib" />
					<Add directory="../../include" />
					<Add directory="../../lib" />
				</Linker>
			</Target>
			<Target title="dictionary-ticks-train-zstd">
				<Option output="dictionary-ticks-train-zstd" prefix_auto="1" extension_auto="1" />
				<Option object_output="obj/Release/" />
				<Option type="1" />
				<Option compiler="mingw_64_7_3_0" />
				<Compiler>
					<Add option="-std=c++14" />
					<Add option="-pg" />
					<Add option="-Og" />
					<Add option="-g" />
					<Add option="-DSQLITE_THREADSAFE=1" />
					<Add directory="../../lib/sqlite_orm/include" />
					<Add directory="../../lib/sqlite-amalgamation-3340100" />
					<Add directory="../../lib/ztime-cpp/src" />
					<Add directory="../../lib/zstd/lib" />
					<Add directory="../../include" />
					<Add directory="../../lib" />
				</Compiler>
				<Linker>
					<Add option="-pg -lgmon" />
					<Add option="-static-libstdc++" />
					<Add option="-static-libgcc" />
					<Add option="-static" />
					<Add library="zstd" />
					<Add directory="../../lib/sqlite_orm/include" />
					<Add directory="../../lib/sqlite-amalgamation-3340100" />
					<Add directory="../../lib/ztime-cpp/src" />
					<Add directory="../../lib/zstd/lib" />
					<Add directory="../../include" />
					<Add directory="../../lib" />
				</Linker>
			</Target>
			<Target title="csv-data-preparation-2">
				<Option output="csv-data-preparation-2" prefix_auto="1" extension_auto="1" />
				<Option object_output="obj/Release/" />
				<Option type="1" />
				<Option compiler="mingw_64_7_3_0" />
				<Compiler>
					<Add option="-std=c++14" />
					<Add option="-pg" />
					<Add option="-Og" />
					<Add option="-g" />
					<Add option="-DSQLITE_THREADSAFE=1" />
					<Add directory="../../lib/sqlite_orm/include" />
					<Add directory="../../lib/sqlite-amalgamation-3340100" />
					<Add directory="../../lib/ztime-cpp/src" />
					<Add directory="../../lib/zstd/lib" />
					<Add directory="../../include" />
					<Add directory="../../lib" />
				</Compiler>
				<Linker>
					<Add option="-pg -lgmon" />
					<Add option="-static-libstdc++" />
					<Add option="-static-libgcc" />
					<Add option="-static" />
					<Add library="zstd" />
					<Add directory="../../lib/sqlite_orm/include" />
					<Add directory="../../lib/sqlite-amalgamation-3340100" />
					<Add directory="../../lib/ztime-cpp/src" />
					<Add directory="../../lib/zstd/lib" />
					<Add directory="../../include" />
					<Add directory="../../lib" />
				</Linker>
			</Target>
			<Target title="dictionary-ticks-train-zstd-2">
				<Option output="dictionary-ticks-train-zstd" prefix_auto="1" extension_auto="1" />
				<Option object_output="obj/Release/" />
				<Option type="1" />
				<Option compiler="mingw_64_7_3_0" />
				<Compiler>
					<Add option="-std=c++14" />
					<Add option="-pg" />
					<Add option="-Og" />
					<Add option="-g" />
					<Add option="-DSQLITE_THREADSAFE=1" />
					<Add directory="../../lib/sqlite_orm/include" />
					<Add directory="../../lib/sqlite-amalgamation-3340100" />
					<Add directory="../../lib/ztime-cpp/src" />
					<Add directory="../../lib/zstd/lib" />
					<Add directory="../../include" />
					<Add directory="../../lib" />
				</Compiler>
				<Linker>
					<Add option="-pg -lgmon" />
					<Add option="-static-libstdc++" />
					<Add option="-static-libgcc" />
					<Add option="-static" />
					<Add library="zstd" />
					<Add directory="../../lib/sqlite_orm/include" />
					<Add directory="../../lib/sqlite-amalgamation-3340100" />
					<Add directory="../../lib/ztime-cpp/src" />
					<Add directory="../../lib/zstd/lib" />
					<Add directory="../../include" />
					<Add directory="../../lib" />
				</Linker>
			</Target>
			<Target title="data-preparation-check">
				<Option output="dictionary-ticks-train-zstd" prefix_auto="1" extension_auto="1" />
				<Option object_output="obj/Release/" />
				<Option type="1" />
				<Option compiler="mingw_64_7_3_0" />
				<Compiler>
					<Add option="-std=c++14" />
					<Add option="-pg" />
					<Add option="-Og" />
					<Add option="-g" />
					<Add option="-DSQLITE_THREADSAFE=1" />
					<Add directory="../../lib/sqlite_orm/include" />
					<Add directory="../../lib/sqlite-amalgamation-3340100" />
					<Add directory="../../lib/ztime-cpp/src" />
					<Add directory="../../lib/zstd/lib" />
					<Add directory="../../include" />
					<Add directory="../../lib" />
				</Compiler>
				<Linker>
					<Add option="-pg -lgmon" />
					<Add option="-static-libstdc++" />
					<Add option="-static-libgcc" />
					<Add option="-static" />
					<Add library="zstd" />
					<Add directory="../../lib/sqlite_orm/include" />
					<Add directory="../../lib/sqlite-amalgamation-3340100" />
					<Add directory="../../lib/ztime-cpp/src" />
					<Add directory="../../lib/zstd/lib" />
					<Add directory="../../include" />
					<Add directory="../../lib" />
				</Linker>
			</Target>
			<Target title="data-preparation-check-2">
				<Option output="dictionary-ticks-train-zstd" prefix_auto="1" extension_auto="1" />
				<Option object_output="obj/Release/" />
				<Option type="1" />
				<Option compiler="mingw_64_7_3_0" />
				<Compiler>
					<Add option="-std=c++14" />
					<Add option="-pg" />
					<Add option="-Og" />
					<Add option="-g" />
					<Add option="-DSQLITE_THREADSAFE=1" />
					<Add directory="../../lib/sqlite_orm/include" />
					<Add directory="../../lib/sqlite-amalgamation-3340100" />
					<Add directory="../../lib/ztime-cpp/src" />
					<Add directory="../../lib/zstd/lib" />
					<Add directory="../../include" />
					<Add directory="../../lib" />
				</Compiler>
				<Linker>
					<Add option="-pg -lgmon" />
					<Add option="-static-libstdc++" />
					<Add option="-static-libgcc" />
					<Add option="-static" />
					<Add library="zstd" />
					<Add directory="../../lib/sqlite_orm/include" />
					<Add directory="../../lib/sqlite-amalgamation-3340100" />
					<Add directory="../../lib/ztime-cpp/src" />
					<Add directory="../../lib/zstd/lib" />
					<Add directory="../../include" />
					<Add directory="../../lib" />
				</Linker>
			</Target>
			<Target title="storage">
				<Option output="storage" prefix_auto="1" extension_auto="1" />
				<Option object_output="obj/Release/" />
				<Option type="1" />
				<Option compiler="mingw_64_7_3_0" />
				<Compiler>
					<Add option="-std=c++14" />
					<Add option="-pg" />
					<Add option="-Og" />
					<Add option="-g" />
					<Add option="-DSQLITE_THREADSAFE=1" />
					<Add directory="../../lib/sqlite_orm/include" />
					<Add directory="../../lib/sqlite-amalgamation-3340100" />
					<Add directory="../../lib/ztime-cpp/src" />
					<Add directory="../../lib/zstd/lib" />
					<Add directory="../../include" />
					<Add directory="../../lib" />
				</Compiler>
				<Linker>
					<Add option="-pg -lgmon" />
					<Add option="-static-libstdc++" />
					<Add option="-static-libgcc" />
					<Add option="-static" />
					<Add library="zstd" />
					<Add directory="../../lib/sqlite_orm/include" />
					<Add directory="../../lib/sqlite-amalgamation-3340100" />
					<Add directory="../../lib/ztime-cpp/src" />
					<Add directory="../../lib/zstd/lib" />
					<Add directory="../../include" />
					<Add directory="../../lib" />
				</Linker>
			</Target>
			<Target title="test-qdb">
				<Option output="test-qdb" prefix_auto="1" extension_auto="1" />
				<Option object_output="obj/Release/" />
				<Option type="1" />
				<Option compiler="mingw_64_7_3_0" />
				<Compiler>
					<Add option="-std=c++14" />
					<Add option="-pg" />
					<Add option="-Og" />
					<Add option="-g" />
					<Add option="-DSQLITE_THREADSAFE=1" />
					<Add directory="../../lib/sqlite_orm/include" />
					<Add directory="../../lib/sqlite-amalgamation-3340100" />
					<Add directory="../../lib/ztime-cpp/src" />
					<Add directory="../../lib/zstd/lib" />
					<Add directory="../../include" />
					<Add directory="../../lib" />
				</Compiler>
				<Linker>
					<Add option="-pg -lgmon" />
					<Add option="-static-libstdc++" />
					<Add option="-static-libgcc" />
					<Add option="-static" />
					<Add library="zstd" />
					<Add directory="../../lib/sqlite_orm/include" />
					<Add directory="../../lib/sqlite-amalgamation-3340100" />
					<Add directory="../../lib/ztime-cpp/src" />
					<Add directory="../../lib/zstd/lib" />
					<Add directory="../../include" />
					<Add directory="../../lib" />
				</Linker>
			</Target>
			<Target title="test-qdb-2">
				<Option output="test-qdb-2" prefix_auto="1" extension_auto="1" />
				<Option object_output="obj/Release/" />
				<Option type="1" />
				<Option compiler="mingw_64_7_3_0" />
				<Compiler>
					<Add option="-std=c++14" />
					<Add option="-pg" />
					<Add option="-Og" />
					<Add option="-g" />
					<Add option="-DSQLITE_THREADSAFE=1" />
					<Add directory="../../lib/sqlite_orm/include" />
					<Add directory="../../lib/sqlite-amalgamation-3340100" />
					<Add directory="../../lib/ztime-cpp/src" />
					<Add directory="../../lib/zstd/lib" />
					<Add directory="../../include" />
					<Add directory="../../lib" />
				</Compiler>
				<Linker>
					<Add option="-pg -lgmon" />
					<Add option="-static-libstdc++" />
					<Add option="-static-libgcc" />
					<Add option="-static" />
					<Add library="zstd" />
					<Add directory="../../lib/sqlite_orm/include" />
					<Add directory="../../lib/sqlite-amalgamation-3340100" />
					<Add directory="../../lib/ztime-cpp/src" />
					<Add directory="../../lib/zstd/lib" />
					<Add directory="../../include" />
					<Add directory="../../lib" />
				</Linker>
			</Target>
			<Target title="qdb-history">
				<Option output="qdb-history" prefix_auto="1" extension_auto="1" />
				<Option object_output="obj/Release/" />
				<Option type="1" />
				<Option compiler="mingw_64_7_3_0" />
				<Compiler>
					<Add option="-std=c++14" />
					<Add option="-pg" />
					<Add option="-Og" />
					<Add option="-g" />
					<Add option="-DSQLITE_THREADSAFE=1" />
					<Add directory="../../lib/sqlite_orm/include" />
					<Add directory="../../lib/sqlite-amalgamation-3340100" />
					<Add directory="../../lib/ztime-cpp/src" />
					<Add directory="../../lib/zstd/lib" />
					<Add directory="../../include" />
					<Add directory="../../lib" />
				</Compiler>
				<Linker>
					<Add option="-pg -lgmon" />
					<Add option="-static-libstdc++" />
					<Add option="-static-libgcc" />
					<Add option="-static" />
					<Add library="zstd" />
					<Add directory="../../lib/sqlite_orm/include" />
					<Add directory="../../lib/sqlite-amalgamation-3340100" />
					<Add directory="../../lib/ztime-cpp/src" />
					<Add directory="../../lib/zstd/lib" />
					<Add directory="../../include" />
					<Add directory="../../lib" />
				</Linker>
			</Target>
			<Target title="next-tick">
				<Option output="next-tick" prefix_auto="1" extension_auto="1" />
				<Option object_output="obj/Release/" />
				<Option type="1" />
				<Option compiler="mingw_64_7_3_0" />
				<Compiler>
					<Add option="-std=c++14" />
					<Add option="-pg" />
					<Add option="-Og" />
					<Add option="-g" />
					<Add option="-DSQLITE_THREADSAFE=1" />
					<Add directory="../../lib/sqlite_orm/include" />
					<Add directory="../../lib/sqlite-amalgamation-3340100" />
					<Add directory="../../lib/ztime-cpp/src" />
					<Add directory="../../lib/zstd/lib" />
					<Add directory="../../include" />
					<Add directory="../../lib" />
				</Compiler>
				<Linker>
					<Add option="-pg -lgmon" />
					<Add option="-static-libstdc++" />
					<Add option="-static-libgcc" />
					<Add option="-static" />
					<Add library="zstd" />
					<Add directory="../../lib/sqlite_orm/include" />
					<Add directory="../../lib/sqlite-amalgamation-3340100" />
					<Add directory="../../lib/ztime-cpp/src" />
					<Add directory="../../lib/zstd/lib" />
					<Add directory="../../include" />
					<Add directory="../../lib" />
				</Linker>
			</Target>
			<Target title="qdb-fx-history">
				<Option output="qdb-fx-history" prefix_auto="1" extension_auto="1" />
				<Option object_output="obj/Release/" />
				<Option type="1" />
				<Option compiler="mingw_64_7_3_0" />
				<Compiler>
					<Add option="-std=c++14" />
					<Add option="-pg" />
					<Add option="-Og" />
					<Add option="-g" />
					<Add option="-DSQLITE_THREADSAFE=1" />
					<Add directory="../../lib/sqlite_orm/include" />
					<Add directory="../../lib/sqlite-amalgamation-3340100" />
					<Add directory="../../lib/ztime-cpp/src" />
					<Add directory="../../lib/zstd/lib" />
					<Add directory="../../include" />
					<Add directory="../../lib" />
				</Compiler>
				<Linker>
					<Add option="-pg -lgmon" />
					<Add option="-static-libstdc++" />
					<Add option="-static-libgcc" />
					<Add option="-static" />
					<Add library="zstd" />
					<Add directory="../../lib/sqlite_orm/include" />
					<Add directory="../../lib/sqlite-amalgamation-3340100" />
					<Add directory="../../lib/ztime-cpp/src" />
					<Add directory="../../lib/zstd/lib" />
					<Add directory="../../include" />
					<Add directory="../../lib" />
				</Linker>
			</Target>
			<Target title="qdb-fx-symbols">
				<Option output="qdb-fx-symbols" prefix_auto="1" extension_auto="1" />
				<Option object_output="obj/Release/" />
				<Option type="1" />
				<Option compiler="mingw_64_7_3_0" />
				<Compiler>
					<Add option="-std=c++14" />
					<Add option="-pg" />
					<Add option="-Og" />
					<Add option="-g" />
					<Add option="-DSQLITE_THREADSAFE=1" />
					<Add directory="../../lib/sqlite_orm/include" />
					<Add directory="../../lib/sqlite-amalgamation-3340100" />
					<Add directory="../../lib/ztime-cpp/src" />
					<Add directory="../../lib/zstd/lib" />
					<Add directory="../../include" />
					<Add directory="../../lib" />
					<Add directory="../../lib/googletest/googletest/include" />
				</Compiler>
				<Linker>
					<Add option="-pg -lgmon" />
					<Add option="-static-libstdc++" />
					<Add option="-static-libgcc" />
					<Add option="-static" />
					<Add library="zstd" />
					<Add library="gtest" />
					<Add directory="../../lib/sqlite_orm/include" />
					<Add directory="../../lib/sqlite-amalgamation-3340100" />
					<Add directory="../../lib/ztime-cpp/src" />
					<Add directory="../../lib/zstd/lib" />
					<Add directory="../../include" />
					<Add directory="../../lib" />
					<Add directory="../../lib/googletest/build/lib" />
				</Linker>
			</Target>
		</Build>
		<Compiler>
			<Add option="-Wall" />
			<Add option="-fexceptions" />
		</Compiler>
		<Unit filename="../../include/trading-db/parts/qdb/compact-candles-dataset.hpp" />
		<Unit filename="../../include/trading-db/parts/qdb/compact-dataset.hpp" />
		<Unit filename="../../include/trading-db/parts/qdb/compact-ticks-dataset.hpp" />
		<Unit filename="../../include/trading-db/parts/qdb/data-classes.hpp" />
		<Unit filename="../../include/trading-db/parts/qdb/data-preparation.hpp" />
		<Unit filename="../../include/trading-db/parts/qdb/dictionary-candles.hpp" />
		<Unit filename="../../include/trading-db/parts/qdb/dictionary-ticks.hpp" />
		<Unit filename="../../include/trading-db/parts/qdb/enums.hpp" />
		<Unit filename="../../include/trading-db/parts/qdb/price-buffer.hpp" />
		<Unit filename="../../include/trading-db/parts/qdb/storage.hpp" />
		<Unit filename="../../include/trading-db/parts/qdb/writer-price-buffer.hpp" />
		<Unit filename="../../include/trading-db/parts/qdb/zstd.hpp" />
		<Unit filename="../../include/trading-db/qdb.hpp" />
		<Unit filename="../../include/trading-db/tools/qdb/fx-history.hpp" />
		<Unit filename="../../include/trading-db/tools/qdb/fx-symbols-db.hpp" />
		<Unit filename="../../include/trading-db/utils/-compact_candles_dataset.hpp" />
		<Unit filename="../../include/trading-db/utils/-compact_ticks_dataset.hpp" />
		<Unit filename="../../include/trading-db/utils/async-tasks.hpp" />
		<Unit filename="../../include/trading-db/utils/files.hpp" />
		<Unit filename="../../include/trading-db/utils/print.hpp" />
		<Unit filename="../../include/trading-db/utils/protection.hpp" />
		<Unit filename="../../include/trading-db/utils/safe-queue.hpp" />
		<Unit filename="../../include/trading-db/utils/sqlite-func.hpp" />
		<Unit filename="../../lib/siphash-hpp/include/siphash-hpp/siphash.hpp">
			<Option target="&lt;{~None~}&gt;" />
		</Unit>
		<Unit filename="../../lib/sqlite-amalgamation-3340100/sqlite3.c">
			<Option compilerVar="CC" />
		</Unit>
		<Unit filename="../../lib/sqlite-amalgamation-3340100/sqlite3.h" />
		<Unit filename="../../lib/sqlite_orm/include/sqlite_orm/sqlite_orm.h" />
		<Unit filename="../../lib/xtime_cpp/src/xtime.cpp" />
		<Unit filename="../../lib/xtime_cpp/src/xtime.hpp" />
		<Unit filename="../../lib/ztime-cpp/src/ztime.cpp" />
		<Unit filename="../../lib/ztime-cpp/src/ztime.hpp" />
		<Unit filename="../../lib/ztime-cpp/src/ztime_ntp.hpp" />
		<Unit filename="compact-dataset.cpp">
			<Option target="compact-dataset" />
		</Unit>
		<Unit filename="csv-data-preparation-2.cpp">
			<Option target="csv-data-preparation-2" />
		</Unit>
		<Unit filename="csv-data-preparation.cpp">
			<Option target="csv-data-preparation" />
		</Unit>
		<Unit filename="data-preparation-check-2.cpp">
			<Option target="data-preparation-check-2" />
		</Unit>
		<Unit filename="data-preparation-check.cpp">
			<Option target="data-preparation-check" />
		</Unit>
		<Unit filename="dictionary-ticks-train-zstd-2.cpp">
			<Option target="dictionary-ticks-train-zstd-2" />
		</Unit>
		<Unit filename="dictionary-ticks-train-zstd.cpp">
			<Option target="dictionary-ticks-train-zstd" />
		</Unit>
		<Unit filename="next-tick.cpp">
			<Option target="next-tick" />
		</Unit>
		<Unit filename="price-buffer.cpp">
			<Option target="price-buffer" />
		</Unit>
		<Unit filename="qdb-fx-history.cpp">
			<Option target="qdb-fx-history" />
		</Unit>
		<Unit filename="qdb-fx-symbols.cpp">
			<Option target="qdb-fx-symbols" />
		</Unit>
		<Unit filename="qdb-history.cpp">
			<Option target="qdb-history" />
		</Unit>
		<Unit filename="storage.cpp">
			<Option target="storage" />
		</Unit>
		<Unit filename="test-qdb-2.cpp">
			<Option target="test-qdb-2" />
		</Unit>
		<Unit filename="test-qdb.cpp">
			<Option target="test-qdb" />
		</Unit>
		<Extensions>
			<lib_finder disable_auto="1" />
		</Extensions>
	</Project>
</CodeBlocks_project_file>
