<?xml version="1.0" encoding="UTF-8" standalone="yes" ?>
<CodeBlocks_project_file>
	<FileVersion major="1" minor="6" />
	<Project>
		<Option title="examples" />
		<Option pch_mode="2" />
		<Option compiler="mingw_64_7_3_0" />
		<Build>
			<Target title="example-list-db">
				<Option output="example-list-db" prefix_auto="1" extension_auto="1" />
				<Option object_output="obj/Release/" />
				<Option type="1" />
				<Option compiler="mingw_64_7_3_0" />
				<Compiler>
					<Add option="-std=c++14" />
					<Add option="-pg" />
					<Add option="-Og" />
					<Add option="-g" />
					<Add option="-DSQLITE_THREADSAFE=1" />
					<Add directory="../../lib/sqlite_orm/include" />
					<Add directory="../../lib/sqlite-amalgamation-3340100" />
					<Add directory="../../lib/ztime-cpp/src" />
					<Add directory="../../lib/siphash-hpp/include/siphash-hpp" />
					<Add directory="../../include" />
				</Compiler>
				<Linker>
					<Add option="-pg -lgmon" />
					<Add option="-static-libstdc++" />
					<Add option="-static-libgcc" />
					<Add option="-static" />
					<Add directory="../../lib/sqlite_orm/include" />
					<Add directory="../../lib/sqlite-amalgamation-3340100" />
					<Add directory="../../lib/ztime-cpp/src" />
					<Add directory="../../lib/siphash-hpp/include/siphash-hpp" />
					<Add directory="../../include" />
				</Linker>
			</Target>
			<Target title="example-key-value-db">
				<Option output="example-key-value-db" prefix_auto="1" extension_auto="1" />
				<Option object_output="obj/Release/" />
				<Option type="1" />
				<Option compiler="mingw_64_7_3_0" />
				<Compiler>
					<Add option="-std=c++14" />
					<Add option="-pg" />
					<Add option="-Og" />
					<Add option="-g" />
					<Add option="-DSQLITE_THREADSAFE=1" />
					<Add directory="../../lib/sqlite_orm/include" />
					<Add directory="../../lib/sqlite-amalgamation-3340100" />
					<Add directory="../../lib/ztime-cpp/src" />
					<Add directory="../../include" />
				</Compiler>
				<Linker>
					<Add option="-pg -lgmon" />
					<Add option="-static-libstdc++" />
					<Add option="-static-libgcc" />
					<Add option="-static" />
					<Add directory="../../lib/sqlite_orm/include" />
					<Add directory="../../lib/sqlite-amalgamation-3340100" />
					<Add directory="../../lib/ztime-cpp/src" />
					<Add directory="../../include" />
				</Linker>
			</Target>
			<Target title="example-int-key-blob-value-db">
				<Option output="example-int-key-blob-value-db" prefix_auto="1" extension_auto="1" />
				<Option object_output="obj/Release/" />
				<Option type="1" />
				<Option compiler="mingw_64_7_3_0" />
				<Compiler>
					<Add option="-std=c++14" />
					<Add option="-pg" />
					<Add option="-Og" />
					<Add option="-g" />
					<Add option="-DSQLITE_THREADSAFE=1" />
					<Add directory="../../lib/sqlite_orm/include" />
					<Add directory="../../lib/sqlite-amalgamation-3340100" />
					<Add directory="../../lib/ztime-cpp/src" />
					<Add directory="../../include" />
				</Compiler>
				<Linker>
					<Add option="-pg -lgmon" />
					<Add option="-static-libstdc++" />
					<Add option="-static-libgcc" />
					<Add option="-static" />
					<Add directory="../../lib/sqlite_orm/include" />
					<Add directory="../../lib/sqlite-amalgamation-3340100" />
					<Add directory="../../lib/ztime-cpp/src" />
					<Add directory="../../include" />
				</Linker>
			</Target>
			<Target title="example-compact-candles-dataset">
				<Option output="example-compact-candles-dataset" prefix_auto="1" extension_auto="1" />
				<Option object_output="obj/Release/" />
				<Option type="1" />
				<Option compiler="mingw_64_7_3_0" />
				<Compiler>
					<Add option="-std=c++14" />
					<Add option="-pg" />
					<Add option="-Og" />
					<Add option="-g" />
					<Add option="-DSQLITE_THREADSAFE=1" />
					<Add directory="../../lib/sqlite_orm/include" />
					<Add directory="../../lib/sqlite-amalgamation-3340100" />
					<Add directory="../../lib/ztime-cpp/src" />
					<Add directory="../../include" />
				</Compiler>
				<Linker>
					<Add option="-pg -lgmon" />
					<Add option="-static-libstdc++" />
					<Add option="-static-libgcc" />
					<Add option="-static" />
					<Add directory="../../lib/sqlite_orm/include" />
					<Add directory="../../lib/sqlite-amalgamation-3340100" />
					<Add directory="../../lib/ztime-cpp/src" />
					<Add directory="../../include" />
				</Linker>
			</Target>
			<Target title="example-bet-db">
				<Option output="example-bet-db" prefix_auto="1" extension_auto="1" />
				<Option object_output="obj/Release/" />
				<Option type="1" />
				<Option compiler="mingw_64_7_3_0" />
				<Compiler>
					<Add option="-std=c++14" />
					<Add option="-pg" />
					<Add option="-Og" />
					<Add option="-g" />
					<Add option="-DSQLITE_THREADSAFE=1" />
					<Add directory="../../lib/sqlite_orm/include" />
					<Add directory="../../lib/sqlite-amalgamation-3340100" />
					<Add directory="../../lib/ztime-cpp/src" />
					<Add directory="../../include" />
				</Compiler>
				<Linker>
					<Add option="-pg -lgmon" />
					<Add option="-static-libstdc++" />
					<Add option="-static-libgcc" />
					<Add option="-static" />
					<Add directory="../../lib/sqlite_orm/include" />
					<Add directory="../../lib/sqlite-amalgamation-3340100" />
					<Add directory="../../lib/ztime-cpp/src" />
					<Add directory="../../include" />
				</Linker>
			</Target>
			<Target title="example-bet-db-generation-test-trades">
				<Option output="example-bet-db" prefix_auto="1" extension_auto="1" />
				<Option object_output="obj/Release/" />
				<Option type="1" />
				<Option compiler="mingw_64_7_3_0" />
				<Compiler>
					<Add option="-std=c++14" />
					<Add option="-pg" />
					<Add option="-Og" />
					<Add option="-g" />
					<Add option="-DSQLITE_THREADSAFE=1" />
					<Add directory="../../lib/sqlite_orm/include" />
					<Add directory="../../lib/sqlite-amalgamation-3340100" />
					<Add directory="../../lib/ztime-cpp/src" />
					<Add directory="../../include" />
				</Compiler>
				<Linker>
					<Add option="-pg -lgmon" />
					<Add option="-static-libstdc++" />
					<Add option="-static-libgcc" />
					<Add option="-static" />
					<Add directory="../../lib/sqlite_orm/include" />
					<Add directory="../../lib/sqlite-amalgamation-3340100" />
					<Add directory="../../lib/ztime-cpp/src" />
					<Add directory="../../include" />
				</Linker>
			</Target>
		</Build>
		<Compiler>
			<Add option="-Wall" />
			<Add option="-fexceptions" />
		</Compiler>
		<Unit filename="../../include/trading-db/bet-database.hpp">
			<Option target="example-bet-db" />
			<Option target="example-bet-db-generation-test-trades" />
		</Unit>
		<Unit filename="../../include/trading-db/config.hpp" />
		<Unit filename="../../include/trading-db/int-key-blob-value-database.hpp" />
		<Unit filename="../../include/trading-db/key-value-database.hpp" />
		<Unit filename="../../include/trading-db/list-database.hpp" />
		<Unit filename="../../include/trading-db/proxy-database.hpp" />
		<Unit filename="../../include/trading-db/tick-database.hpp" />
		<Unit filename="../../include/trading-db/utility/async-tasks.hpp" />
		<Unit filename="../../include/trading-db/utility/compact_candles_dataset.hpp" />
		<Unit filename="../../include/trading-db/utility/files.hpp" />
		<Unit filename="../../include/trading-db/utility/print.hpp" />
		<Unit filename="../../include/trading-db/utility/protection.hpp" />
		<Unit filename="../../include/trading-db/utility/safe-queue.hpp" />
		<Unit filename="../../include/trading-db/utility/sqlite-func.hpp" />
		<Unit filename="../../lib/siphash-hpp/include/siphash-hpp/siphash.hpp">
			<Option target="example-list-db" />
		</Unit>
		<Unit filename="../../lib/sqlite-amalgamation-3340100/sqlite3.c">
			<Option compilerVar="CC" />
		</Unit>
		<Unit filename="../../lib/sqlite-amalgamation-3340100/sqlite3.h" />
		<Unit filename="../../lib/sqlite_orm/include/sqlite_orm/sqlite_orm.h" />
		<Unit filename="../../lib/xtime_cpp/src/xtime.cpp" />
		<Unit filename="../../lib/xtime_cpp/src/xtime.hpp" />
		<Unit filename="../../lib/ztime-cpp/src/ztime.cpp" />
		<Unit filename="../../lib/ztime-cpp/src/ztime.hpp" />
		<Unit filename="../../lib/ztime-cpp/src/ztime_ntp.hpp" />
		<Unit filename="example-bet-db-generation-test.cpp">
			<Option target="example-bet-db-generation-test-trades" />
		</Unit>
		<Unit filename="example-bet-db.cpp">
			<Option target="example-bet-db" />
		</Unit>
		<Unit filename="example-compact-candles-dataset.cpp">
			<Option target="example-compact-candles-dataset" />
		</Unit>
		<Unit filename="example-int-key-blob-value-db.cpp">
			<Option target="example-int-key-blob-value-db" />
		</Unit>
		<Unit filename="example-key-value-db.cpp">
			<Option target="example-key-value-db" />
		</Unit>
		<Unit filename="example-list-db.cpp">
			<Option target="example-list-db" />
		</Unit>
		<Extensions>
			<lib_finder disable_auto="1" />
		</Extensions>
	</Project>
</CodeBlocks_project_file>
